
Microsoft Visual Studio Solution File, Format Version 12.00
# Visual Studio 15
VisualStudioVersion = 15.0.26124.0
MinimumVisualStudioVersion = 15.0.26124.0
Project("{FAE04EC0-301F-11D3-BF4B-00C04F79EFBC}") = "API", "API\API.csproj", "{4A3A3D9B-119B-4FAE-8036-53D9020A1D40}"
EndProject
Project("{FAE04EC0-301F-11D3-BF4B-00C04F79EFBC}") = "Core", "Core\Core.csproj", "{A5676DDA-3C07-4CB8-8361-2F7455A50C4E}"
EndProject
Project("{FAE04EC0-301F-11D3-BF4B-00C04F79EFBC}") = "Infrastructure", "Infrastructure\Infrastructure.csproj", "{174C909E-5D07-4E2A-BD40-858E4BC8C30C}"
EndProject
Global
	GlobalSection(SolutionConfigurationPlatforms) = preSolution
		Debug|Any CPU = Debug|Any CPU
		Debug|x64 = Debug|x64
		Debug|x86 = Debug|x86
		Release|Any CPU = Release|Any CPU
		Release|x64 = Release|x64
		Release|x86 = Release|x86
	EndGlobalSection
	GlobalSection(SolutionProperties) = preSolution
		HideSolutionNode = FALSE
	EndGlobalSection
	GlobalSection(ProjectConfigurationPlatforms) = postSolution
		{4A3A3D9B-119B-4FAE-8036-53D9020A1D40}.Debug|Any CPU.ActiveCfg = Debug|Any CPU
		{4A3A3D9B-119B-4FAE-8036-53D9020A1D40}.Debug|Any CPU.Build.0 = Debug|Any CPU
		{4A3A3D9B-119B-4FAE-8036-53D9020A1D40}.Debug|x64.ActiveCfg = Debug|Any CPU
		{4A3A3D9B-119B-4FAE-8036-53D9020A1D40}.Debug|x64.Build.0 = Debug|Any CPU
		{4A3A3D9B-119B-4FAE-8036-53D9020A1D40}.Debug|x86.ActiveCfg = Debug|Any CPU
		{4A3A3D9B-119B-4FAE-8036-53D9020A1D40}.Debug|x86.Build.0 = Debug|Any CPU
		{4A3A3D9B-119B-4FAE-8036-53D9020A1D40}.Release|Any CPU.ActiveCfg = Release|Any CPU
		{4A3A3D9B-119B-4FAE-8036-53D9020A1D40}.Release|Any CPU.Build.0 = Release|Any CPU
		{4A3A3D9B-119B-4FAE-8036-53D9020A1D40}.Release|x64.ActiveCfg = Release|Any CPU
		{4A3A3D9B-119B-4FAE-8036-53D9020A1D40}.Release|x64.Build.0 = Release|Any CPU
		{4A3A3D9B-119B-4FAE-8036-53D9020A1D40}.Release|x86.ActiveCfg = Release|Any CPU
		{4A3A3D9B-119B-4FAE-8036-53D9020A1D40}.Release|x86.Build.0 = Release|Any CPU
		{A5676DDA-3C07-4CB8-8361-2F7455A50C4E}.Debug|Any CPU.ActiveCfg = Debug|Any CPU
		{A5676DDA-3C07-4CB8-8361-2F7455A50C4E}.Debug|Any CPU.Build.0 = Debug|Any CPU
		{A5676DDA-3C07-4CB8-8361-2F7455A50C4E}.Debug|x64.ActiveCfg = Debug|Any CPU
		{A5676DDA-3C07-4CB8-8361-2F7455A50C4E}.Debug|x64.Build.0 = Debug|Any CPU
		{A5676DDA-3C07-4CB8-8361-2F7455A50C4E}.Debug|x86.ActiveCfg = Debug|Any CPU
		{A5676DDA-3C07-4CB8-8361-2F7455A50C4E}.Debug|x86.Build.0 = Debug|Any CPU
		{A5676DDA-3C07-4CB8-8361-2F7455A50C4E}.Release|Any CPU.ActiveCfg = Release|Any CPU
		{A5676DDA-3C07-4CB8-8361-2F7455A50C4E}.Release|Any CPU.Build.0 = Release|Any CPU
		{A5676DDA-3C07-4CB8-8361-2F7455A50C4E}.Release|x64.ActiveCfg = Release|Any CPU
		{A5676DDA-3C07-4CB8-8361-2F7455A50C4E}.Release|x64.Build.0 = Release|Any CPU
		{A5676DDA-3C07-4CB8-8361-2F7455A50C4E}.Release|x86.ActiveCfg = Release|Any CPU
		{A5676DDA-3C07-4CB8-8361-2F7455A50C4E}.Release|x86.Build.0 = Release|Any CPU
		{174C909E-5D07-4E2A-BD40-858E4BC8C30C}.Debug|Any CPU.ActiveCfg = Debug|Any CPU
		{174C909E-5D07-4E2A-BD40-858E4BC8C30C}.Debug|Any CPU.Build.0 = Debug|Any CPU
		{174C909E-5D07-4E2A-BD40-858E4BC8C30C}.Debug|x64.ActiveCfg = Debug|Any CPU
		{174C909E-5D07-4E2A-BD40-858E4BC8C30C}.Debug|x64.Build.0 = Debug|Any CPU
		{174C909E-5D07-4E2A-BD40-858E4BC8C30C}.Debug|x86.ActiveCfg = Debug|Any CPU
		{174C909E-5D07-4E2A-BD40-858E4BC8C30C}.Debug|x86.Build.0 = Debug|Any CPU
		{174C909E-5D07-4E2A-BD40-858E4BC8C30C}.Release|Any CPU.ActiveCfg = Release|Any CPU
		{174C909E-5D07-4E2A-BD40-858E4BC8C30C}.Release|Any CPU.Build.0 = Release|Any CPU
		{174C909E-5D07-4E2A-BD40-858E4BC8C30C}.Release|x64.ActiveCfg = Release|Any CPU
		{174C909E-5D07-4E2A-BD40-858E4BC8C30C}.Release|x64.Build.0 = Release|Any CPU
		{174C909E-5D07-4E2A-BD40-858E4BC8C30C}.Release|x86.ActiveCfg = Release|Any CPU
		{174C909E-5D07-4E2A-BD40-858E4BC8C30C}.Release|x86.Build.0 = Release|Any CPU
	EndGlobalSection
EndGlobal
